
Microsoft Visual Studio Solution File, Format Version 12.00
# Visual Studio Version 17
VisualStudioVersion = 17.9.34622.214
MinimumVisualStudioVersion = 10.0.40219.1
Project("{FAE04EC0-301F-11D3-BF4B-00C04F79EFBC}") = "AdminCentralDemo.Web", "AdminCentralDemo.Web\AdminCentralDemo.Web\AdminCentralDemo.Web.csproj", "{0E84B93D-58A8-432C-93C8-951E02F315FB}"
EndProject
Project("{FAE04EC0-301F-11D3-BF4B-00C04F79EFBC}") = "AdminCentralDemo.Web.Client", "AdminCentralDemo.Web\AdminCentralDemo.Web.Client\AdminCentralDemo.Web.Client.csproj", "{9FE1ECCA-AFDD-4DC1-9611-B4E439F4B25B}"
EndProject
Project("{FAE04EC0-301F-11D3-BF4B-00C04F79EFBC}") = "AdminCentralDemo.Application", "AdminCentralDemo.Application\AdminCentralDemo.Application.csproj", "{666C22BA-3C72-4FBF-BFAC-6A83A7AC16EF}"
EndProject
Project("{FAE04EC0-301F-11D3-BF4B-00C04F79EFBC}") = "AdminCentralDemo.Domain", "AdminCentralDemo.Domain\AdminCentralDemo.Domain.csproj", "{CA83A7DE-198D-4F77-93DD-426890B33A72}"
EndProject
Project("{FAE04EC0-301F-11D3-BF4B-00C04F79EFBC}") = "AdminCentralDemo.Infrastructure", "AdminCentralDemo.Infrastructure\AdminCentralDemo.Infrastructure.csproj", "{6A9C0DB9-0D52-44D5-917F-C4BC89F16A80}"
EndProject
Global
	GlobalSection(SolutionConfigurationPlatforms) = preSolution
		Debug|Any CPU = Debug|Any CPU
		Release|Any CPU = Release|Any CPU
	EndGlobalSection
	GlobalSection(ProjectConfigurationPlatforms) = postSolution
		{0E84B93D-58A8-432C-93C8-951E02F315FB}.Debug|Any CPU.ActiveCfg = Debug|Any CPU
		{0E84B93D-58A8-432C-93C8-951E02F315FB}.Debug|Any CPU.Build.0 = Debug|Any CPU
		{0E84B93D-58A8-432C-93C8-951E02F315FB}.Release|Any CPU.ActiveCfg = Release|Any CPU
		{0E84B93D-58A8-432C-93C8-951E02F315FB}.Release|Any CPU.Build.0 = Release|Any CPU
		{9FE1ECCA-AFDD-4DC1-9611-B4E439F4B25B}.Debug|Any CPU.ActiveCfg = Debug|Any CPU
		{9FE1ECCA-AFDD-4DC1-9611-B4E439F4B25B}.Debug|Any CPU.Build.0 = Debug|Any CPU
		{9FE1ECCA-AFDD-4DC1-9611-B4E439F4B25B}.Release|Any CPU.ActiveCfg = Release|Any CPU
		{9FE1ECCA-AFDD-4DC1-9611-B4E439F4B25B}.Release|Any CPU.Build.0 = Release|Any CPU
		{666C22BA-3C72-4FBF-BFAC-6A83A7AC16EF}.Debug|Any CPU.ActiveCfg = Debug|Any CPU
		{666C22BA-3C72-4FBF-BFAC-6A83A7AC16EF}.Debug|Any CPU.Build.0 = Debug|Any CPU
		{666C22BA-3C72-4FBF-BFAC-6A83A7AC16EF}.Release|Any CPU.ActiveCfg = Release|Any CPU
		{666C22BA-3C72-4FBF-BFAC-6A83A7AC16EF}.Release|Any CPU.Build.0 = Release|Any CPU
		{CA83A7DE-198D-4F77-93DD-426890B33A72}.Debug|Any CPU.ActiveCfg = Debug|Any CPU
		{CA83A7DE-198D-4F77-93DD-426890B33A72}.Debug|Any CPU.Build.0 = Debug|Any CPU
		{CA83A7DE-198D-4F77-93DD-426890B33A72}.Release|Any CPU.ActiveCfg = Release|Any CPU
		{CA83A7DE-198D-4F77-93DD-426890B33A72}.Release|Any CPU.Build.0 = Release|Any CPU
		{6A9C0DB9-0D52-44D5-917F-C4BC89F16A80}.Debug|Any CPU.ActiveCfg = Debug|Any CPU
		{6A9C0DB9-0D52-44D5-917F-C4BC89F16A80}.Debug|Any CPU.Build.0 = Debug|Any CPU
		{6A9C0DB9-0D52-44D5-917F-C4BC89F16A80}.Release|Any CPU.ActiveCfg = Release|Any CPU
		{6A9C0DB9-0D52-44D5-917F-C4BC89F16A80}.Release|Any CPU.Build.0 = Release|Any CPU
	EndGlobalSection
	GlobalSection(SolutionProperties) = preSolution
		HideSolutionNode = FALSE
	EndGlobalSection
	GlobalSection(ExtensibilityGlobals) = postSolution
		SolutionGuid = {6CFBB427-B583-4567-8EAA-6327676B24AB}
	EndGlobalSection
EndGlobal
